
Microsoft Visual Studio Solution File, Format Version 12.00
# Visual Studio Version 17
VisualStudioVersion = 17.8.34330.188
MinimumVisualStudioVersion = 10.0.40219.1
Project("{FAE04EC0-301F-11D3-BF4B-00C04F79EFBC}") = "RockPaperScissorsCons", "RockPaperScissorsCons.csproj", "{51DAF9ED-B39F-415D-AF48-C52173B03398}"
EndProject
Project("{FAE04EC0-301F-11D3-BF4B-00C04F79EFBC}") = "RockPaperScissorsConsTests", "..\RockPaperScissorsConsTests\RockPaperScissorsConsTests.csproj", "{B8456A56-37C7-4D88-814F-BD429DA8A13E}"
EndProject
Global
	GlobalSection(SolutionConfigurationPlatforms) = preSolution
		Debug|Any CPU = Debug|Any CPU
		Release|Any CPU = Release|Any CPU
	EndGlobalSection
	GlobalSection(ProjectConfigurationPlatforms) = postSolution
		{51DAF9ED-B39F-415D-AF48-C52173B03398}.Debug|Any CPU.ActiveCfg = Debug|Any CPU
		{51DAF9ED-B39F-415D-AF48-C52173B03398}.Debug|Any CPU.Build.0 = Debug|Any CPU
		{51DAF9ED-B39F-415D-AF48-C52173B03398}.Release|Any CPU.ActiveCfg = Release|Any CPU
		{51DAF9ED-B39F-415D-AF48-C52173B03398}.Release|Any CPU.Build.0 = Release|Any CPU
		{B8456A56-37C7-4D88-814F-BD429DA8A13E}.Debug|Any CPU.ActiveCfg = Debug|Any CPU
		{B8456A56-37C7-4D88-814F-BD429DA8A13E}.Debug|Any CPU.Build.0 = Debug|Any CPU
		{B8456A56-37C7-4D88-814F-BD429DA8A13E}.Release|Any CPU.ActiveCfg = Release|Any CPU
		{B8456A56-37C7-4D88-814F-BD429DA8A13E}.Release|Any CPU.Build.0 = Release|Any CPU
	EndGlobalSection
	GlobalSection(SolutionProperties) = preSolution
		HideSolutionNode = FALSE
	EndGlobalSection
	GlobalSection(ExtensibilityGlobals) = postSolution
		SolutionGuid = {8D03EE42-C7C0-473C-97F0-1E9653A68499}
	EndGlobalSection
EndGlobal
